
Microsoft Visual Studio Solution File, Format Version 12.00
# Visual Studio Version 16
VisualStudioVersion = 16.0.29911.84
MinimumVisualStudioVersion = 10.0.40219.1
Project("{FAE04EC0-301F-11D3-BF4B-00C04F79EFBC}") = "skoleEmilBirkeholm", "skoleEmilBirkeholm\skoleEmilBirkeholm.csproj", "{8AE446F1-AB4B-4C7E-84CD-5CB4311DB288}"
EndProject
Global
	GlobalSection(SolutionConfigurationPlatforms) = preSolution
		Debug|Any CPU = Debug|Any CPU
		Release|Any CPU = Release|Any CPU
	EndGlobalSection
	GlobalSection(ProjectConfigurationPlatforms) = postSolution
		{8AE446F1-AB4B-4C7E-84CD-5CB4311DB288}.Debug|Any CPU.ActiveCfg = Debug|Any CPU
		{8AE446F1-AB4B-4C7E-84CD-5CB4311DB288}.Debug|Any CPU.Build.0 = Debug|Any CPU
		{8AE446F1-AB4B-4C7E-84CD-5CB4311DB288}.Release|Any CPU.ActiveCfg = Release|Any CPU
		{8AE446F1-AB4B-4C7E-84CD-5CB4311DB288}.Release|Any CPU.Build.0 = Release|Any CPU
	EndGlobalSection
	GlobalSection(SolutionProperties) = preSolution
		HideSolutionNode = FALSE
	EndGlobalSection
	GlobalSection(ExtensibilityGlobals) = postSolution
		SolutionGuid = {8BAC6330-E960-4289-903E-93D3684E50CE}
	EndGlobalSection
EndGlobal
